
Microsoft Visual Studio Solution File, Format Version 12.00
# Visual Studio Version 16
VisualStudioVersion = 16.0.31624.102
MinimumVisualStudioVersion = 10.0.40219.1
Project("{FAE04EC0-301F-11D3-BF4B-00C04F79EFBC}") = "Programowanie10DawidPa", "Programowanie10DawidPa\Programowanie10DawidPa.csproj", "{852416E5-145D-41B0-B954-2C63BE816F2D}"
EndProject
Global
	GlobalSection(SolutionConfigurationPlatforms) = preSolution
		Debug|Any CPU = Debug|Any CPU
		Release|Any CPU = Release|Any CPU
	EndGlobalSection
	GlobalSection(ProjectConfigurationPlatforms) = postSolution
		{852416E5-145D-41B0-B954-2C63BE816F2D}.Debug|Any CPU.ActiveCfg = Debug|Any CPU
		{852416E5-145D-41B0-B954-2C63BE816F2D}.Debug|Any CPU.Build.0 = Debug|Any CPU
		{852416E5-145D-41B0-B954-2C63BE816F2D}.Release|Any CPU.ActiveCfg = Release|Any CPU
		{852416E5-145D-41B0-B954-2C63BE816F2D}.Release|Any CPU.Build.0 = Release|Any CPU
	EndGlobalSection
	GlobalSection(SolutionProperties) = preSolution
		HideSolutionNode = FALSE
	EndGlobalSection
	GlobalSection(ExtensibilityGlobals) = postSolution
		SolutionGuid = {6FC3381A-3269-47A6-91A6-A9FE3F531A34}
	EndGlobalSection
EndGlobal
